
Microsoft Visual Studio Solution File, Format Version 12.00
# Visual Studio Version 17
VisualStudioVersion = 17.8.34511.84
MinimumVisualStudioVersion = 10.0.40219.1
Project("{FAE04EC0-301F-11D3-BF4B-00C04F79EFBC}") = "Pclasses", "Pclasses\Pclasses.csproj", "{AEB262A2-97A7-4A59-85BF-DFB0501F1D2F}"
EndProject
Global
	GlobalSection(SolutionConfigurationPlatforms) = preSolution
		Debug|Any CPU = Debug|Any CPU
		Release|Any CPU = Release|Any CPU
	EndGlobalSection
	GlobalSection(ProjectConfigurationPlatforms) = postSolution
		{AEB262A2-97A7-4A59-85BF-DFB0501F1D2F}.Debug|Any CPU.ActiveCfg = Debug|Any CPU
		{AEB262A2-97A7-4A59-85BF-DFB0501F1D2F}.Debug|Any CPU.Build.0 = Debug|Any CPU
		{AEB262A2-97A7-4A59-85BF-DFB0501F1D2F}.Release|Any CPU.ActiveCfg = Release|Any CPU
		{AEB262A2-97A7-4A59-85BF-DFB0501F1D2F}.Release|Any CPU.Build.0 = Release|Any CPU
	EndGlobalSection
	GlobalSection(SolutionProperties) = preSolution
		HideSolutionNode = FALSE
	EndGlobalSection
	GlobalSection(ExtensibilityGlobals) = postSolution
		SolutionGuid = {B8A70F3A-4957-40CF-88D4-3F96248DD301}
	EndGlobalSection
EndGlobal
